// !$*UTF8*$!
{
	archiveVersion = 1;
	classes = {
	};
	objectVersion = 56;
	objects = {

/* Begin PBXBuildFile section */
		C16CE9A92A6AA8B90025B83C /* NetworkManager.swift in Sources */ = {isa = PBXBuildFile; fileRef = C16CE9A82A6AA8B90025B83C /* NetworkManager.swift */; };
		C16CE9AC2A6AAD900025B83C /* WeatherModel.swift in Sources */ = {isa = PBXBuildFile; fileRef = C16CE9AB2A6AAD900025B83C /* WeatherModel.swift */; };
		C1FCB70F2A6A95B800769157 /* AppDelegate.swift in Sources */ = {isa = PBXBuildFile; fileRef = C1FCB70E2A6A95B800769157 /* AppDelegate.swift */; };
		C1FCB7112A6A95B800769157 /* SceneDelegate.swift in Sources */ = {isa = PBXBuildFile; fileRef = C1FCB7102A6A95B800769157 /* SceneDelegate.swift */; };
		C1FCB7132A6A95B800769157 /* ViewController.swift in Sources */ = {isa = PBXBuildFile; fileRef = C1FCB7122A6A95B800769157 /* ViewController.swift */; };
		C1FCB7162A6A95B800769157 /* Main.storyboard in Resources */ = {isa = PBXBuildFile; fileRef = C1FCB7142A6A95B800769157 /* Main.storyboard */; };
		C1FCB7182A6A95BB00769157 /* Assets.xcassets in Resources */ = {isa = PBXBuildFile; fileRef = C1FCB7172A6A95BB00769157 /* Assets.xcassets */; };
		C1FCB71B2A6A95BB00769157 /* LaunchScreen.storyboard in Resources */ = {isa = PBXBuildFile; fileRef = C1FCB7192A6A95BB00769157 /* LaunchScreen.storyboard */; };
		C1FCB7242A6A96CD00769157 /* LocationManager.swift in Sources */ = {isa = PBXBuildFile; fileRef = C1FCB7232A6A96CD00769157 /* LocationManager.swift */; };
		C1FCB7272A6A9A0300769157 /* ViewModel.swift in Sources */ = {isa = PBXBuildFile; fileRef = C1FCB7262A6A9A0200769157 /* ViewModel.swift */; };
/* End PBXBuildFile section */

/* Begin PBXFileReference section */
		C16CE9A82A6AA8B90025B83C /* NetworkManager.swift */ = {isa = PBXFileReference; lastKnownFileType = sourcecode.swift; path = NetworkManager.swift; sourceTree = "<group>"; };
		C16CE9AB2A6AAD900025B83C /* WeatherModel.swift */ = {isa = PBXFileReference; fileEncoding = 4; lastKnownFileType = sourcecode.swift; path = WeatherModel.swift; sourceTree = "<group>"; };
		C1FCB70B2A6A95B800769157 /* Weather.app */ = {isa = PBXFileReference; explicitFileType = wrapper.application; includeInIndex = 0; path = Weather.app; sourceTree = BUILT_PRODUCTS_DIR; };
		C1FCB70E2A6A95B800769157 /* AppDelegate.swift */ = {isa = PBXFileReference; lastKnownFileType = sourcecode.swift; path = AppDelegate.swift; sourceTree = "<group>"; };
		C1FCB7102A6A95B800769157 /* SceneDelegate.swift */ = {isa = PBXFileReference; lastKnownFileType = sourcecode.swift; path = SceneDelegate.swift; sourceTree = "<group>"; };
		C1FCB7122A6A95B800769157 /* ViewController.swift */ = {isa = PBXFileReference; lastKnownFileType = sourcecode.swift; path = ViewController.swift; sourceTree = "<group>"; };
		C1FCB7152A6A95B800769157 /* Base */ = {isa = PBXFileReference; lastKnownFileType = file.storyboard; name = Base; path = Base.lproj/Main.storyboard; sourceTree = "<group>"; };
		C1FCB7172A6A95BB00769157 /* Assets.xcassets */ = {isa = PBXFileReference; lastKnownFileType = folder.assetcatalog; path = Assets.xcassets; sourceTree = "<group>"; };
		C1FCB71A2A6A95BB00769157 /* Base */ = {isa = PBXFileReference; lastKnownFileType = file.storyboard; name = Base; path = Base.lproj/LaunchScreen.storyboard; sourceTree = "<group>"; };
		C1FCB71C2A6A95BB00769157 /* Info.plist */ = {isa = PBXFileReference; lastKnownFileType = text.plist.xml; path = Info.plist; sourceTree = "<group>"; };
		C1FCB7232A6A96CD00769157 /* LocationManager.swift */ = {isa = PBXFileReference; lastKnownFileType = sourcecode.swift; path = LocationManager.swift; sourceTree = "<group>"; };
		C1FCB7262A6A9A0200769157 /* ViewModel.swift */ = {isa = PBXFileReference; lastKnownFileType = sourcecode.swift; path = ViewModel.swift; sourceTree = "<group>"; };
/* End PBXFileReference section */

/* Begin PBXFrameworksBuildPhase section */
		C1FCB7082A6A95B800769157 /* Frameworks */ = {
			isa = PBXFrameworksBuildPhase;
			buildActionMask = 2147483647;
			files = (
			);
			runOnlyForDeploymentPostprocessing = 0;
		};
/* End PBXFrameworksBuildPhase section */

/* Begin PBXGroup section */
		C16CE9AA2A6AAD7A0025B83C /* Models */ = {
			isa = PBXGroup;
			children = (
				C16CE9AB2A6AAD900025B83C /* WeatherModel.swift */,
			);
			path = Models;
			sourceTree = "<group>";
		};
		C1FCB7022A6A95B800769157 = {
			isa = PBXGroup;
			children = (
				C1FCB70D2A6A95B800769157 /* Weather */,
				C1FCB70C2A6A95B800769157 /* Products */,
			);
			sourceTree = "<group>";
		};
		C1FCB70C2A6A95B800769157 /* Products */ = {
			isa = PBXGroup;
			children = (
				C1FCB70B2A6A95B800769157 /* Weather.app */,
			);
			name = Products;
			sourceTree = "<group>";
		};
		C1FCB70D2A6A95B800769157 /* Weather */ = {
			isa = PBXGroup;
			children = (
				C1FCB70E2A6A95B800769157 /* AppDelegate.swift */,
				C16CE9AA2A6AAD7A0025B83C /* Models */,
				C1FCB7252A6A98ED00769157 /* ViewModels */,
				C1FCB7102A6A95B800769157 /* SceneDelegate.swift */,
				C1FCB7222A6A96AB00769157 /* Managers */,
				C1FCB7122A6A95B800769157 /* ViewController.swift */,
				C1FCB7142A6A95B800769157 /* Main.storyboard */,
				C1FCB7172A6A95BB00769157 /* Assets.xcassets */,
				C1FCB7192A6A95BB00769157 /* LaunchScreen.storyboard */,
				C1FCB71C2A6A95BB00769157 /* Info.plist */,
			);
			path = Weather;
			sourceTree = "<group>";
		};
		C1FCB7222A6A96AB00769157 /* Managers */ = {
			isa = PBXGroup;
			children = (
				C1FCB7232A6A96CD00769157 /* LocationManager.swift */,
				C16CE9A82A6AA8B90025B83C /* NetworkManager.swift */,
			);
			path = Managers;
			sourceTree = "<group>";
		};
		C1FCB7252A6A98ED00769157 /* ViewModels */ = {
			isa = PBXGroup;
			children = (
				C1FCB7262A6A9A0200769157 /* ViewModel.swift */,
			);
			path = ViewModels;
			sourceTree = "<group>";
		};
/* End PBXGroup section */

/* Begin PBXNativeTarget section */
		C1FCB70A2A6A95B800769157 /* Weather */ = {
			isa = PBXNativeTarget;
			buildConfigurationList = C1FCB71F2A6A95BB00769157 /* Build configuration list for PBXNativeTarget "Weather" */;
			buildPhases = (
				C1FCB7072A6A95B800769157 /* Sources */,
				C1FCB7082A6A95B800769157 /* Frameworks */,
				C1FCB7092A6A95B800769157 /* Resources */,
			);
			buildRules = (
			);
			dependencies = (
			);
			name = Weather;
			productName = Weather;
			productReference = C1FCB70B2A6A95B800769157 /* Weather.app */;
			productType = "com.apple.product-type.application";
		};
/* End PBXNativeTarget section */

/* Begin PBXProject section */
		C1FCB7032A6A95B800769157 /* Project object */ = {
			isa = PBXProject;
			attributes = {
				BuildIndependentTargetsInParallel = 1;
				LastSwiftUpdateCheck = 1420;
				LastUpgradeCheck = 1420;
				TargetAttributes = {
					C1FCB70A2A6A95B800769157 = {
						CreatedOnToolsVersion = 14.2;
					};
				};
			};
			buildConfigurationList = C1FCB7062A6A95B800769157 /* Build configuration list for PBXProject "Weather" */;
			compatibilityVersion = "Xcode 14.0";
			developmentRegion = en;
			hasScannedForEncodings = 0;
			knownRegions = (
				en,
				Base,
			);
			mainGroup = C1FCB7022A6A95B800769157;
			productRefGroup = C1FCB70C2A6A95B800769157 /* Products */;
			projectDirPath = "";
			projectRoot = "";
			targets = (
				C1FCB70A2A6A95B800769157 /* Weather */,
			);
		};
/* End PBXProject section */

/* Begin PBXResourcesBuildPhase section */
		C1FCB7092A6A95B800769157 /* Resources */ = {
			isa = PBXResourcesBuildPhase;
			buildActionMask = 2147483647;
			files = (
				C1FCB71B2A6A95BB00769157 /* LaunchScreen.storyboard in Resources */,
				C1FCB7182A6A95BB00769157 /* Assets.xcassets in Resources */,
				C1FCB7162A6A95B800769157 /* Main.storyboard in Resources */,
			);
			runOnlyForDeploymentPostprocessing = 0;
		};
/* End PBXResourcesBuildPhase section */

/* Begin PBXSourcesBuildPhase section */
		C1FCB7072A6A95B800769157 /* Sources */ = {
			isa = PBXSourcesBuildPhase;
			buildActionMask = 2147483647;
			files = (
				C16CE9A92A6AA8B90025B83C /* NetworkManager.swift in Sources */,
				C1FCB7272A6A9A0300769157 /* ViewModel.swift in Sources */,
				C1FCB7242A6A96CD00769157 /* LocationManager.swift in Sources */,
				C16CE9AC2A6AAD900025B83C /* WeatherModel.swift in Sources */,
				C1FCB7132A6A95B800769157 /* ViewController.swift in Sources */,
				C1FCB70F2A6A95B800769157 /* AppDelegate.swift in Sources */,
				C1FCB7112A6A95B800769157 /* SceneDelegate.swift in Sources */,
			);
			runOnlyForDeploymentPostprocessing = 0;
		};
/* End PBXSourcesBuildPhase section */

/* Begin PBXVariantGroup section */
		C1FCB7142A6A95B800769157 /* Main.storyboard */ = {
			isa = PBXVariantGroup;
			children = (
				C1FCB7152A6A95B800769157 /* Base */,
			);
			name = Main.storyboard;
			sourceTree = "<group>";
		};
		C1FCB7192A6A95BB00769157 /* LaunchScreen.storyboard */ = {
			isa = PBXVariantGroup;
			children = (
				C1FCB71A2A6A95BB00769157 /* Base */,
			);
			name = LaunchScreen.storyboard;
			sourceTree = "<group>";
		};
/* End PBXVariantGroup section */

/* Begin XCBuildConfiguration section */
		C1FCB71D2A6A95BB00769157 /* Debug */ = {
			isa = XCBuildConfiguration;
			buildSettings = {
				ALWAYS_SEARCH_USER_PATHS = NO;
				CLANG_ANALYZER_NONNULL = YES;
				CLANG_ANALYZER_NUMBER_OBJECT_CONVERSION = YES_AGGRESSIVE;
				CLANG_CXX_LANGUAGE_STANDARD = "gnu++20";
				CLANG_ENABLE_MODULES = YES;
				CLANG_ENABLE_OBJC_ARC = YES;
				CLANG_ENABLE_OBJC_WEAK = YES;
				CLANG_WARN_BLOCK_CAPTURE_AUTORELEASING = YES;
				CLANG_WARN_BOOL_CONVERSION = YES;
				CLANG_WARN_COMMA = YES;
				CLANG_WARN_CONSTANT_CONVERSION = YES;
				CLANG_WARN_DEPRECATED_OBJC_IMPLEMENTATIONS = YES;
				CLANG_WARN_DIRECT_OBJC_ISA_USAGE = YES_ERROR;
				CLANG_WARN_DOCUMENTATION_COMMENTS = YES;
				CLANG_WARN_EMPTY_BODY = YES;
				CLANG_WARN_ENUM_CONVERSION = YES;
				CLANG_WARN_INFINITE_RECURSION = YES;
				CLANG_WARN_INT_CONVERSION = YES;
				CLANG_WARN_NON_LITERAL_NULL_CONVERSION = YES;
				CLANG_WARN_OBJC_IMPLICIT_RETAIN_SELF = YES;
				CLANG_WARN_OBJC_LITERAL_CONVERSION = YES;
				CLANG_WARN_OBJC_ROOT_CLASS = YES_ERROR;
				CLANG_WARN_QUOTED_INCLUDE_IN_FRAMEWORK_HEADER = YES;
				CLANG_WARN_RANGE_LOOP_ANALYSIS = YES;
				CLANG_WARN_STRICT_PROTOTYPES = YES;
				CLANG_WARN_SUSPICIOUS_MOVE = YES;
				CLANG_WARN_UNGUARDED_AVAILABILITY = YES_AGGRESSIVE;
				CLANG_WARN_UNREACHABLE_CODE = YES;
				CLANG_WARN__DUPLICATE_METHOD_MATCH = YES;
				COPY_PHASE_STRIP = NO;
				DEBUG_INFORMATION_FORMAT = dwarf;
				ENABLE_STRICT_OBJC_MSGSEND = YES;
				ENABLE_TESTABILITY = YES;
				GCC_C_LANGUAGE_STANDARD = gnu11;
				GCC_DYNAMIC_NO_PIC = NO;
				GCC_NO_COMMON_BLOCKS = YES;
				GCC_OPTIMIZATION_LEVEL = 0;
				GCC_PREPROCESSOR_DEFINITIONS = (
					"DEBUG=1",
					"$(inherited)",
				);
				GCC_WARN_64_TO_32_BIT_CONVERSION = YES;
				GCC_WARN_ABOUT_RETURN_TYPE = YES_ERROR;
				GCC_WARN_UNDECLARED_SELECTOR = YES;
				GCC_WARN_UNINITIALIZED_AUTOS = YES_AGGRESSIVE;
				GCC_WARN_UNUSED_FUNCTION = YES;
				GCC_WARN_UNUSED_VARIABLE = YES;
				IPHONEOS_DEPLOYMENT_TARGET = 16.2;
				MTL_ENABLE_DEBUG_INFO = INCLUDE_SOURCE;
				MTL_FAST_MATH = YES;
				ONLY_ACTIVE_ARCH = YES;
				SDKROOT = iphoneos;
				SWIFT_ACTIVE_COMPILATION_CONDITIONS = DEBUG;
				SWIFT_OPTIMIZATION_LEVEL = "-Onone";
			};
			name = Debug;
		};
		C1FCB71E2A6A95BB00769157 /* Release */ = {
			isa = XCBuildConfiguration;
			buildSettings = {
				ALWAYS_SEARCH_USER_PATHS = NO;
				CLANG_ANALYZER_NONNULL = YES;
				CLANG_ANALYZER_NUMBER_OBJECT_CONVERSION = YES_AGGRESSIVE;
				CLANG_CXX_LANGUAGE_STANDARD = "gnu++20";
				CLANG_ENABLE_MODULES = YES;
				CLANG_ENABLE_OBJC_ARC = YES;
				CLANG_ENABLE_OBJC_WEAK = YES;
				CLANG_WARN_BLOCK_CAPTURE_AUTORELEASING = YES;
				CLANG_WARN_BOOL_CONVERSION = YES;
				CLANG_WARN_COMMA = YES;
				CLANG_WARN_CONSTANT_CONVERSION = YES;
				CLANG_WARN_DEPRECATED_OBJC_IMPLEMENTATIONS = YES;
				CLANG_WARN_DIRECT_OBJC_ISA_USAGE = YES_ERROR;
				CLANG_WARN_DOCUMENTATION_COMMENTS = YES;
				CLANG_WARN_EMPTY_BODY = YES;
				CLANG_WARN_ENUM_CONVERSION = YES;
				CLANG_WARN_INFINITE_RECURSION = YES;
				CLANG_WARN_INT_CONVERSION = YES;
				CLANG_WARN_NON_LITERAL_NULL_CONVERSION = YES;
				CLANG_WARN_OBJC_IMPLICIT_RETAIN_SELF = YES;
				CLANG_WARN_OBJC_LITERAL_CONVERSION = YES;
				CLANG_WARN_OBJC_ROOT_CLASS = YES_ERROR;
				CLANG_WARN_QUOTED_INCLUDE_IN_FRAMEWORK_HEADER = YES;
				CLANG_WARN_RANGE_LOOP_ANALYSIS = YES;
				CLANG_WARN_STRICT_PROTOTYPES = YES;
				CLANG_WARN_SUSPICIOUS_MOVE = YES;
				CLANG_WARN_UNGUARDED_AVAILABILITY = YES_AGGRESSIVE;
				CLANG_WARN_UNREACHABLE_CODE = YES;
				CLANG_WARN__DUPLICATE_METHOD_MATCH = YES;
				COPY_PHASE_STRIP = NO;
				DEBUG_INFORMATION_FORMAT = "dwarf-with-dsym";
				ENABLE_NS_ASSERTIONS = NO;
				ENABLE_STRICT_OBJC_MSGSEND = YES;
				GCC_C_LANGUAGE_STANDARD = gnu11;
				GCC_NO_COMMON_BLOCKS = YES;
				GCC_WARN_64_TO_32_BIT_CONVERSION = YES;
				GCC_WARN_ABOUT_RETURN_TYPE = YES_ERROR;
				GCC_WARN_UNDECLARED_SELECTOR = YES;
				GCC_WARN_UNINITIALIZED_AUTOS = YES_AGGRESSIVE;
				GCC_WARN_UNUSED_FUNCTION = YES;
				GCC_WARN_UNUSED_VARIABLE = YES;
				IPHONEOS_DEPLOYMENT_TARGET = 16.2;
				MTL_ENABLE_DEBUG_INFO = NO;
				MTL_FAST_MATH = YES;
				SDKROOT = iphoneos;
				SWIFT_COMPILATION_MODE = wholemodule;
				SWIFT_OPTIMIZATION_LEVEL = "-O";
				VALIDATE_PRODUCT = YES;
			};
			name = Release;
		};
		C1FCB7202A6A95BB00769157 /* Debug */ = {
			isa = XCBuildConfiguration;
			buildSettings = {
				ASSETCATALOG_COMPILER_APPICON_NAME = AppIcon;
				ASSETCATALOG_COMPILER_GLOBAL_ACCENT_COLOR_NAME = AccentColor;
				CODE_SIGN_STYLE = Automatic;
				CURRENT_PROJECT_VERSION = 1;
				DEVELOPMENT_TEAM = TTMLBMXL57;
				GENERATE_INFOPLIST_FILE = YES;
				INFOPLIST_FILE = Weather/Info.plist;
				INFOPLIST_KEY_UIApplicationSupportsIndirectInputEvents = YES;
				INFOPLIST_KEY_UILaunchStoryboardName = LaunchScreen;
				INFOPLIST_KEY_UIMainStoryboardFile = Main;
				INFOPLIST_KEY_UISupportedInterfaceOrientations = UIInterfaceOrientationPortrait;
				IPHONEOS_DEPLOYMENT_TARGET = 15.0;
				LD_RUNPATH_SEARCH_PATHS = (
					"$(inherited)",
					"@executable_path/Frameworks",
				);
				MARKETING_VERSION = 1.0;
				PRODUCT_BUNDLE_IDENTIFIER = me.Kirov.Sergei.Weather;
				PRODUCT_NAME = "$(TARGET_NAME)";
				SWIFT_EMIT_LOC_STRINGS = YES;
				SWIFT_VERSION = 5.0;
				TARGETED_DEVICE_FAMILY = "1,2";
			};
			name = Debug;
		};
		C1FCB7212A6A95BB00769157 /* Release */ = {
			isa = XCBuildConfiguration;
			buildSettings = {
				ASSETCATALOG_COMPILER_APPICON_NAME = AppIcon;
				ASSETCATALOG_COMPILER_GLOBAL_ACCENT_COLOR_NAME = AccentColor;
				CODE_SIGN_STYLE = Automatic;
				CURRENT_PROJECT_VERSION = 1;
				DEVELOPMENT_TEAM = TTMLBMXL57;
				GENERATE_INFOPLIST_FILE = YES;
				INFOPLIST_FILE = Weather/Info.plist;
				INFOPLIST_KEY_UIApplicationSupportsIndirectInputEvents = YES;
				INFOPLIST_KEY_UILaunchStoryboardName = LaunchScreen;
				INFOPLIST_KEY_UIMainStoryboardFile = Main;
				INFOPLIST_KEY_UISupportedInterfaceOrientations = UIInterfaceOrientationPortrait;
				IPHONEOS_DEPLOYMENT_TARGET = 15.0;
				LD_RUNPATH_SEARCH_PATHS = (
					"$(inherited)",
					"@executable_path/Frameworks",
				);
				MARKETING_VERSION = 1.0;
				PRODUCT_BUNDLE_IDENTIFIER = me.Kirov.Sergei.Weather;
				PRODUCT_NAME = "$(TARGET_NAME)";
				SWIFT_EMIT_LOC_STRINGS = YES;
				SWIFT_VERSION = 5.0;
				TARGETED_DEVICE_FAMILY = "1,2";
			};
			name = Release;
		};
/* End XCBuildConfiguration section */

/* Begin XCConfigurationList section */
		C1FCB7062A6A95B800769157 /* Build configuration list for PBXProject "Weather" */ = {
			isa = XCConfigurationList;
			buildConfigurations = (
				C1FCB71D2A6A95BB00769157 /* Debug */,
				C1FCB71E2A6A95BB00769157 /* Release */,
			);
			defaultConfigurationIsVisible = 0;
			defaultConfigurationName = Release;
		};
		C1FCB71F2A6A95BB00769157 /* Build configuration list for PBXNativeTarget "Weather" */ = {
			isa = XCConfigurationList;
			buildConfigurations = (
				C1FCB7202A6A95BB00769157 /* Debug */,
				C1FCB7212A6A95BB00769157 /* Release */,
			);
			defaultConfigurationIsVisible = 0;
			defaultConfigurationName = Release;
		};
/* End XCConfigurationList section */
	};
	rootObject = C1FCB7032A6A95B800769157 /* Project object */;
}
